PODS:
  - Alamofire (5.1.0)
  - Raptor (0.1.0):
    - Alamofire (~> 5.1.0)
    - SwiftKeychainWrapper (~> 3.4.0)
    - SwiftyJSON (~> 5.0.0)
  - SwiftKeychainWrapper (3.4.0)
  - SwiftyJSON (5.0.0)

DEPENDENCIES:
  - Raptor (from `../`)

SPEC REPOS:
  trunk:
    - Alamofire
    - SwiftKeychainWrapper
    - SwiftyJSON

EXTERNAL SOURCES:
  Raptor:
    :path: "../"

SPEC CHECKSUMS:
  Alamofire: 9d5c5f602928e512395b30950c5984eca840093c
  Raptor: 693d35e2829339d0a03a8b1deb4fd611146a8e00
  SwiftKeychainWrapper: 6fc49fbf7d4a6b0772917acb0e53a1639f6078d6
  SwiftyJSON: 36413e04c44ee145039d332b4f4e2d3e8d6c4db7

PODFILE CHECKSUM: c950aa6aa1cc1c192deed16604224c85f17498f7

COCOAPODS: 1.9.1
