PODS:
  - Alamofire (5.1.0)
  - Base58String (0.1.0):
    - BigInt (~> 3.1)
  - BigInt (3.1.0):
    - SipHash (~> 1.2)
  - CryptoSwift (1.3.1)
  - Raptor (0.1.0):
    - Alamofire (~> 5.1.0)
    - BigInt (~> 3.1.0)
    - CryptoSwift
    - SwiftKeychainWrapper (~> 3.4.0)
    - SwiftyJSON (~> 5.0.0)
    - SwiftyRSA
  - SipHash (1.2.2)
  - SwiftKeychainWrapper (3.4.0)
  - SwiftyJSON (5.0.0)
  - SwiftyRSA (1.5.0):
    - SwiftyRSA/ObjC (= 1.5.0)
  - SwiftyRSA/ObjC (1.5.0)

DEPENDENCIES:
  - Base58String (from `https://github.com/keefertaylor/Base58String.git`)
  - Raptor (from `../`)

SPEC REPOS:
  trunk:
    - Alamofire
    - BigInt
    - CryptoSwift
    - SipHash
    - SwiftKeychainWrapper
    - SwiftyJSON
    - SwiftyRSA

EXTERNAL SOURCES:
  Base58String:
    :git: https://github.com/keefertaylor/Base58String.git
  Raptor:
    :path: "../"

CHECKOUT OPTIONS:
  Base58String:
    :commit: 1bcb719d16662abc546adb22614a08094ed29467
    :git: https://github.com/keefertaylor/Base58String.git

SPEC CHECKSUMS:
  Alamofire: 9d5c5f602928e512395b30950c5984eca840093c
  Base58String: a12a7d574e00d07c5f58ff5b7adf7f1353a32a44
  BigInt: 76b5dfdfa3e2e478d4ffdf161aeede5502e2742f
  CryptoSwift: f12f037f6d0fcd6d48c96db0071b653de64e6c4d
  Raptor: 479cde155c050eb634684190cbe59e736eb9a9a9
  SipHash: fad90a4683e420c52ef28063063dbbce248ea6d4
  SwiftKeychainWrapper: 6fc49fbf7d4a6b0772917acb0e53a1639f6078d6
  SwiftyJSON: 36413e04c44ee145039d332b4f4e2d3e8d6c4db7
  SwiftyRSA: 6e528fb1b1a87d5111c48081083b141d6d65f1cf

PODFILE CHECKSUM: a7b7b682ce38587223aaa999e40f1767584f3b7d

COCOAPODS: 1.9.1
